
Microsoft Visual Studio Solution File, Format Version 12.00
# Visual Studio Version 16
VisualStudioVersion = 16.0.30611.23
MinimumVisualStudioVersion = 10.0.40219.1
Project("{FAE04EC0-301F-11D3-BF4B-00C04F79EFBC}") = "ExercicioHerancaPolimorfismo", "ExercicioHerancaPolimorfismo\ExercicioHerancaPolimorfismo.csproj", "{78DD3308-94BA-4ECD-847C-15409AF565F5}"
EndProject
Global
	GlobalSection(SolutionConfigurationPlatforms) = preSolution
		Debug|Any CPU = Debug|Any CPU
		Release|Any CPU = Release|Any CPU
	EndGlobalSection
	GlobalSection(ProjectConfigurationPlatforms) = postSolution
		{78DD3308-94BA-4ECD-847C-15409AF565F5}.Debug|Any CPU.ActiveCfg = Debug|Any CPU
		{78DD3308-94BA-4ECD-847C-15409AF565F5}.Debug|Any CPU.Build.0 = Debug|Any CPU
		{78DD3308-94BA-4ECD-847C-15409AF565F5}.Release|Any CPU.ActiveCfg = Release|Any CPU
		{78DD3308-94BA-4ECD-847C-15409AF565F5}.Release|Any CPU.Build.0 = Release|Any CPU
	EndGlobalSection
	GlobalSection(SolutionProperties) = preSolution
		HideSolutionNode = FALSE
	EndGlobalSection
	GlobalSection(ExtensibilityGlobals) = postSolution
		SolutionGuid = {0F1A8E0B-2176-45E6-8313-A04EC69F52AA}
	EndGlobalSection
EndGlobal
